// !$*UTF8*$!
{
	archiveVersion = 1;
	classes = {
	};
	objectVersion = 55;
	objects = {

/* Begin PBXBuildFile section */
		43C83B83286A3DA300FBEA40 /* AppDelegate.swift in Sources */ = {isa = PBXBuildFile; fileRef = 43C83B82286A3DA300FBEA40 /* AppDelegate.swift */; };
		43C83B85286A3DA300FBEA40 /* SceneDelegate.swift in Sources */ = {isa = PBXBuildFile; fileRef = 43C83B84286A3DA300FBEA40 /* SceneDelegate.swift */; };
		43C83B8A286A3DA300FBEA40 /* Main.storyboard in Resources */ = {isa = PBXBuildFile; fileRef = 43C83B88286A3DA300FBEA40 /* Main.storyboard */; };
		43C83B8D286A3DA300FBEA40 /* ToDoList.xcdatamodeld in Sources */ = {isa = PBXBuildFile; fileRef = 43C83B8B286A3DA300FBEA40 /* ToDoList.xcdatamodeld */; };
		43C83B8F286A3DA800FBEA40 /* Assets.xcassets in Resources */ = {isa = PBXBuildFile; fileRef = 43C83B8E286A3DA800FBEA40 /* Assets.xcassets */; };
		43C83B92286A3DA800FBEA40 /* LaunchScreen.storyboard in Resources */ = {isa = PBXBuildFile; fileRef = 43C83B90286A3DA800FBEA40 /* LaunchScreen.storyboard */; };
		43C83B9D286A3DA900FBEA40 /* ToDoListTests.swift in Sources */ = {isa = PBXBuildFile; fileRef = 43C83B9C286A3DA900FBEA40 /* ToDoListTests.swift */; };
		43C83BA7286A3DA900FBEA40 /* ToDoListUITests.swift in Sources */ = {isa = PBXBuildFile; fileRef = 43C83BA6286A3DA900FBEA40 /* ToDoListUITests.swift */; };
		43C83BA9286A3DA900FBEA40 /* ToDoListUITestsLaunchTests.swift in Sources */ = {isa = PBXBuildFile; fileRef = 43C83BA8286A3DA900FBEA40 /* ToDoListUITestsLaunchTests.swift */; };
		43C83BBA286A65C000FBEA40 /* ToDoTableViewController.swift in Sources */ = {isa = PBXBuildFile; fileRef = 43C83BB9286A65C000FBEA40 /* ToDoTableViewController.swift */; };
		43C83BBC286A660A00FBEA40 /* ToDo.swift in Sources */ = {isa = PBXBuildFile; fileRef = 43C83BBB286A660A00FBEA40 /* ToDo.swift */; };
/* End PBXBuildFile section */

/* Begin PBXContainerItemProxy section */
		43C83B99286A3DA900FBEA40 /* PBXContainerItemProxy */ = {
			isa = PBXContainerItemProxy;
			containerPortal = 43C83B77286A3DA300FBEA40 /* Project object */;
			proxyType = 1;
			remoteGlobalIDString = 43C83B7E286A3DA300FBEA40;
			remoteInfo = ToDoList;
		};
		43C83BA3286A3DA900FBEA40 /* PBXContainerItemProxy */ = {
			isa = PBXContainerItemProxy;
			containerPortal = 43C83B77286A3DA300FBEA40 /* Project object */;
			proxyType = 1;
			remoteGlobalIDString = 43C83B7E286A3DA300FBEA40;
			remoteInfo = ToDoList;
		};
/* End PBXContainerItemProxy section */

/* Begin PBXFileReference section */
		43C83B7F286A3DA300FBEA40 /* ToDoList.app */ = {isa = PBXFileReference; explicitFileType = wrapper.application; includeInIndex = 0; path = ToDoList.app; sourceTree = BUILT_PRODUCTS_DIR; };
		43C83B82286A3DA300FBEA40 /* AppDelegate.swift */ = {isa = PBXFileReference; lastKnownFileType = sourcecode.swift; path = AppDelegate.swift; sourceTree = "<group>"; };
		43C83B84286A3DA300FBEA40 /* SceneDelegate.swift */ = {isa = PBXFileReference; lastKnownFileType = sourcecode.swift; path = SceneDelegate.swift; sourceTree = "<group>"; };
		43C83B89286A3DA300FBEA40 /* Base */ = {isa = PBXFileReference; lastKnownFileType = file.storyboard; name = Base; path = Base.lproj/Main.storyboard; sourceTree = "<group>"; };
		43C83B8C286A3DA300FBEA40 /* ToDoList.xcdatamodel */ = {isa = PBXFileReference; lastKnownFileType = wrapper.xcdatamodel; path = ToDoList.xcdatamodel; sourceTree = "<group>"; };
		43C83B8E286A3DA800FBEA40 /* Assets.xcassets */ = {isa = PBXFileReference; lastKnownFileType = folder.assetcatalog; path = Assets.xcassets; sourceTree = "<group>"; };
		43C83B91286A3DA800FBEA40 /* Base */ = {isa = PBXFileReference; lastKnownFileType = file.storyboard; name = Base; path = Base.lproj/LaunchScreen.storyboard; sourceTree = "<group>"; };
		43C83B93286A3DA800FBEA40 /* Info.plist */ = {isa = PBXFileReference; lastKnownFileType = text.plist.xml; path = Info.plist; sourceTree = "<group>"; };
		43C83B98286A3DA900FBEA40 /* ToDoListTests.xctest */ = {isa = PBXFileReference; explicitFileType = wrapper.cfbundle; includeInIndex = 0; path = ToDoListTests.xctest; sourceTree = BUILT_PRODUCTS_DIR; };
		43C83B9C286A3DA900FBEA40 /* ToDoListTests.swift */ = {isa = PBXFileReference; lastKnownFileType = sourcecode.swift; path = ToDoListTests.swift; sourceTree = "<group>"; };
		43C83BA2286A3DA900FBEA40 /* ToDoListUITests.xctest */ = {isa = PBXFileReference; explicitFileType = wrapper.cfbundle; includeInIndex = 0; path = ToDoListUITests.xctest; sourceTree = BUILT_PRODUCTS_DIR; };
		43C83BA6286A3DA900FBEA40 /* ToDoListUITests.swift */ = {isa = PBXFileReference; lastKnownFileType = sourcecode.swift; path = ToDoListUITests.swift; sourceTree = "<group>"; };
		43C83BA8286A3DA900FBEA40 /* ToDoListUITestsLaunchTests.swift */ = {isa = PBXFileReference; lastKnownFileType = sourcecode.swift; path = ToDoListUITestsLaunchTests.swift; sourceTree = "<group>"; };
		43C83BB9286A65C000FBEA40 /* ToDoTableViewController.swift */ = {isa = PBXFileReference; lastKnownFileType = sourcecode.swift; path = ToDoTableViewController.swift; sourceTree = "<group>"; };
		43C83BBB286A660A00FBEA40 /* ToDo.swift */ = {isa = PBXFileReference; lastKnownFileType = sourcecode.swift; path = ToDo.swift; sourceTree = "<group>"; };
/* End PBXFileReference section */

/* Begin PBXFrameworksBuildPhase section */
		43C83B7C286A3DA300FBEA40 /* Frameworks */ = {
			isa = PBXFrameworksBuildPhase;
			buildActionMask = 2147483647;
			files = (
			);
			runOnlyForDeploymentPostprocessing = 0;
		};
		43C83B95286A3DA900FBEA40 /* Frameworks */ = {
			isa = PBXFrameworksBuildPhase;
			buildActionMask = 2147483647;
			files = (
			);
			runOnlyForDeploymentPostprocessing = 0;
		};
		43C83B9F286A3DA900FBEA40 /* Frameworks */ = {
			isa = PBXFrameworksBuildPhase;
			buildActionMask = 2147483647;
			files = (
			);
			runOnlyForDeploymentPostprocessing = 0;
		};
/* End PBXFrameworksBuildPhase section */

/* Begin PBXGroup section */
		43C83B76286A3DA300FBEA40 = {
			isa = PBXGroup;
			children = (
				43C83B81286A3DA300FBEA40 /* ToDoList */,
				43C83B9B286A3DA900FBEA40 /* ToDoListTests */,
				43C83BA5286A3DA900FBEA40 /* ToDoListUITests */,
				43C83B80286A3DA300FBEA40 /* Products */,
			);
			sourceTree = "<group>";
		};
		43C83B80286A3DA300FBEA40 /* Products */ = {
			isa = PBXGroup;
			children = (
				43C83B7F286A3DA300FBEA40 /* ToDoList.app */,
				43C83B98286A3DA900FBEA40 /* ToDoListTests.xctest */,
				43C83BA2286A3DA900FBEA40 /* ToDoListUITests.xctest */,
			);
			name = Products;
			sourceTree = "<group>";
		};
		43C83B81286A3DA300FBEA40 /* ToDoList */ = {
			isa = PBXGroup;
			children = (
				43C83B82286A3DA300FBEA40 /* AppDelegate.swift */,
				43C83B84286A3DA300FBEA40 /* SceneDelegate.swift */,
				43C83B88286A3DA300FBEA40 /* Main.storyboard */,
				43C83BBB286A660A00FBEA40 /* ToDo.swift */,
				43C83BB9286A65C000FBEA40 /* ToDoTableViewController.swift */,
				43C83B8E286A3DA800FBEA40 /* Assets.xcassets */,
				43C83B90286A3DA800FBEA40 /* LaunchScreen.storyboard */,
				43C83B93286A3DA800FBEA40 /* Info.plist */,
				43C83B8B286A3DA300FBEA40 /* ToDoList.xcdatamodeld */,
			);
			path = ToDoList;
			sourceTree = "<group>";
		};
		43C83B9B286A3DA900FBEA40 /* ToDoListTests */ = {
			isa = PBXGroup;
			children = (
				43C83B9C286A3DA900FBEA40 /* ToDoListTests.swift */,
			);
			path = ToDoListTests;
			sourceTree = "<group>";
		};
		43C83BA5286A3DA900FBEA40 /* ToDoListUITests */ = {
			isa = PBXGroup;
			children = (
				43C83BA6286A3DA900FBEA40 /* ToDoListUITests.swift */,
				43C83BA8286A3DA900FBEA40 /* ToDoListUITestsLaunchTests.swift */,
			);
			path = ToDoListUITests;
			sourceTree = "<group>";
		};
/* End PBXGroup section */

/* Begin PBXNativeTarget section */
		43C83B7E286A3DA300FBEA40 /* ToDoList */ = {
			isa = PBXNativeTarget;
			buildConfigurationList = 43C83BAC286A3DA900FBEA40 /* Build configuration list for PBXNativeTarget "ToDoList" */;
			buildPhases = (
				43C83B7B286A3DA300FBEA40 /* Sources */,
				43C83B7C286A3DA300FBEA40 /* Frameworks */,
				43C83B7D286A3DA300FBEA40 /* Resources */,
			);
			buildRules = (
			);
			dependencies = (
			);
			name = ToDoList;
			productName = ToDoList;
			productReference = 43C83B7F286A3DA300FBEA40 /* ToDoList.app */;
			productType = "com.apple.product-type.application";
		};
		43C83B97286A3DA900FBEA40 /* ToDoListTests */ = {
			isa = PBXNativeTarget;
			buildConfigurationList = 43C83BAF286A3DA900FBEA40 /* Build configuration list for PBXNativeTarget "ToDoListTests" */;
			buildPhases = (
				43C83B94286A3DA900FBEA40 /* Sources */,
				43C83B95286A3DA900FBEA40 /* Frameworks */,
				43C83B96286A3DA900FBEA40 /* Resources */,
			);
			buildRules = (
			);
			dependencies = (
				43C83B9A286A3DA900FBEA40 /* PBXTargetDependency */,
			);
			name = ToDoListTests;
			productName = ToDoListTests;
			productReference = 43C83B98286A3DA900FBEA40 /* ToDoListTests.xctest */;
			productType = "com.apple.product-type.bundle.unit-test";
		};
		43C83BA1286A3DA900FBEA40 /* ToDoListUITests */ = {
			isa = PBXNativeTarget;
			buildConfigurationList = 43C83BB2286A3DA900FBEA40 /* Build configuration list for PBXNativeTarget "ToDoListUITests" */;
			buildPhases = (
				43C83B9E286A3DA900FBEA40 /* Sources */,
				43C83B9F286A3DA900FBEA40 /* Frameworks */,
				43C83BA0286A3DA900FBEA40 /* Resources */,
			);
			buildRules = (
			);
			dependencies = (
				43C83BA4286A3DA900FBEA40 /* PBXTargetDependency */,
			);
			name = ToDoListUITests;
			productName = ToDoListUITests;
			productReference = 43C83BA2286A3DA900FBEA40 /* ToDoListUITests.xctest */;
			productType = "com.apple.product-type.bundle.ui-testing";
		};
/* End PBXNativeTarget section */

/* Begin PBXProject section */
		43C83B77286A3DA300FBEA40 /* Project object */ = {
			isa = PBXProject;
			attributes = {
				BuildIndependentTargetsInParallel = 1;
				LastSwiftUpdateCheck = 1340;
				LastUpgradeCheck = 1340;
				TargetAttributes = {
					43C83B7E286A3DA300FBEA40 = {
						CreatedOnToolsVersion = 13.4.1;
					};
					43C83B97286A3DA900FBEA40 = {
						CreatedOnToolsVersion = 13.4.1;
						TestTargetID = 43C83B7E286A3DA300FBEA40;
					};
					43C83BA1286A3DA900FBEA40 = {
						CreatedOnToolsVersion = 13.4.1;
						TestTargetID = 43C83B7E286A3DA300FBEA40;
					};
				};
			};
			buildConfigurationList = 43C83B7A286A3DA300FBEA40 /* Build configuration list for PBXProject "ToDoList" */;
			compatibilityVersion = "Xcode 13.0";
			developmentRegion = en;
			hasScannedForEncodings = 0;
			knownRegions = (
				en,
				Base,
			);
			mainGroup = 43C83B76286A3DA300FBEA40;
			productRefGroup = 43C83B80286A3DA300FBEA40 /* Products */;
			projectDirPath = "";
			projectRoot = "";
			targets = (
				43C83B7E286A3DA300FBEA40 /* ToDoList */,
				43C83B97286A3DA900FBEA40 /* ToDoListTests */,
				43C83BA1286A3DA900FBEA40 /* ToDoListUITests */,
			);
		};
/* End PBXProject section */

/* Begin PBXResourcesBuildPhase section */
		43C83B7D286A3DA300FBEA40 /* Resources */ = {
			isa = PBXResourcesBuildPhase;
			buildActionMask = 2147483647;
			files = (
				43C83B92286A3DA800FBEA40 /* LaunchScreen.storyboard in Resources */,
				43C83B8F286A3DA800FBEA40 /* Assets.xcassets in Resources */,
				43C83B8A286A3DA300FBEA40 /* Main.storyboard in Resources */,
			);
			runOnlyForDeploymentPostprocessing = 0;
		};
		43C83B96286A3DA900FBEA40 /* Resources */ = {
			isa = PBXResourcesBuildPhase;
			buildActionMask = 2147483647;
			files = (
			);
			runOnlyForDeploymentPostprocessing = 0;
		};
		43C83BA0286A3DA900FBEA40 /* Resources */ = {
			isa = PBXResourcesBuildPhase;
			buildActionMask = 2147483647;
			files = (
			);
			runOnlyForDeploymentPostprocessing = 0;
		};
/* End PBXResourcesBuildPhase section */

/* Begin PBXSourcesBuildPhase section */
		43C83B7B286A3DA300FBEA40 /* Sources */ = {
			isa = PBXSourcesBuildPhase;
			buildActionMask = 2147483647;
			files = (
				43C83B83286A3DA300FBEA40 /* AppDelegate.swift in Sources */,
				43C83BBC286A660A00FBEA40 /* ToDo.swift in Sources */,
				43C83BBA286A65C000FBEA40 /* ToDoTableViewController.swift in Sources */,
				43C83B85286A3DA300FBEA40 /* SceneDelegate.swift in Sources */,
				43C83B8D286A3DA300FBEA40 /* ToDoList.xcdatamodeld in Sources */,
			);
			runOnlyForDeploymentPostprocessing = 0;
		};
		43C83B94286A3DA900FBEA40 /* Sources */ = {
			isa = PBXSourcesBuildPhase;
			buildActionMask = 2147483647;
			files = (
				43C83B9D286A3DA900FBEA40 /* ToDoListTests.swift in Sources */,
			);
			runOnlyForDeploymentPostprocessing = 0;
		};
		43C83B9E286A3DA900FBEA40 /* Sources */ = {
			isa = PBXSourcesBuildPhase;
			buildActionMask = 2147483647;
			files = (
				43C83BA9286A3DA900FBEA40 /* ToDoListUITestsLaunchTests.swift in Sources */,
				43C83BA7286A3DA900FBEA40 /* ToDoListUITests.swift in Sources */,
			);
			runOnlyForDeploymentPostprocessing = 0;
		};
/* End PBXSourcesBuildPhase section */

/* Begin PBXTargetDependency section */
		43C83B9A286A3DA900FBEA40 /* PBXTargetDependency */ = {
			isa = PBXTargetDependency;
			target = 43C83B7E286A3DA300FBEA40 /* ToDoList */;
			targetProxy = 43C83B99286A3DA900FBEA40 /* PBXContainerItemProxy */;
		};
		43C83BA4286A3DA900FBEA40 /* PBXTargetDependency */ = {
			isa = PBXTargetDependency;
			target = 43C83B7E286A3DA300FBEA40 /* ToDoList */;
			targetProxy = 43C83BA3286A3DA900FBEA40 /* PBXContainerItemProxy */;
		};
/* End PBXTargetDependency section */

/* Begin PBXVariantGroup section */
		43C83B88286A3DA300FBEA40 /* Main.storyboard */ = {
			isa = PBXVariantGroup;
			children = (
				43C83B89286A3DA300FBEA40 /* Base */,
			);
			name = Main.storyboard;
			sourceTree = "<group>";
		};
		43C83B90286A3DA800FBEA40 /* LaunchScreen.storyboard */ = {
			isa = PBXVariantGroup;
			children = (
				43C83B91286A3DA800FBEA40 /* Base */,
			);
			name = LaunchScreen.storyboard;
			sourceTree = "<group>";
		};
/* End PBXVariantGroup section */

/* Begin XCBuildConfiguration section */
		43C83BAA286A3DA900FBEA40 /* Debug */ = {
			isa = XCBuildConfiguration;
			buildSettings = {
				ALWAYS_SEARCH_USER_PATHS = NO;
				CLANG_ANALYZER_NONNULL = YES;
				CLANG_ANALYZER_NUMBER_OBJECT_CONVERSION = YES_AGGRESSIVE;
				CLANG_CXX_LANGUAGE_STANDARD = "gnu++17";
				CLANG_ENABLE_MODULES = YES;
				CLANG_ENABLE_OBJC_ARC = YES;
				CLANG_ENABLE_OBJC_WEAK = YES;
				CLANG_WARN_BLOCK_CAPTURE_AUTORELEASING = YES;
				CLANG_WARN_BOOL_CONVERSION = YES;
				CLANG_WARN_COMMA = YES;
				CLANG_WARN_CONSTANT_CONVERSION = YES;
				CLANG_WARN_DEPRECATED_OBJC_IMPLEMENTATIONS = YES;
				CLANG_WARN_DIRECT_OBJC_ISA_USAGE = YES_ERROR;
				CLANG_WARN_DOCUMENTATION_COMMENTS = YES;
				CLANG_WARN_EMPTY_BODY = YES;
				CLANG_WARN_ENUM_CONVERSION = YES;
				CLANG_WARN_INFINITE_RECURSION = YES;
				CLANG_WARN_INT_CONVERSION = YES;
				CLANG_WARN_NON_LITERAL_NULL_CONVERSION = YES;
				CLANG_WARN_OBJC_IMPLICIT_RETAIN_SELF = YES;
				CLANG_WARN_OBJC_LITERAL_CONVERSION = YES;
				CLANG_WARN_OBJC_ROOT_CLASS = YES_ERROR;
				CLANG_WARN_QUOTED_INCLUDE_IN_FRAMEWORK_HEADER = YES;
				CLANG_WARN_RANGE_LOOP_ANALYSIS = YES;
				CLANG_WARN_STRICT_PROTOTYPES = YES;
				CLANG_WARN_SUSPICIOUS_MOVE = YES;
				CLANG_WARN_UNGUARDED_AVAILABILITY = YES_AGGRESSIVE;
				CLANG_WARN_UNREACHABLE_CODE = YES;
				CLANG_WARN__DUPLICATE_METHOD_MATCH = YES;
				COPY_PHASE_STRIP = NO;
				DEBUG_INFORMATION_FORMAT = dwarf;
				ENABLE_STRICT_OBJC_MSGSEND = YES;
				ENABLE_TESTABILITY = YES;
				GCC_C_LANGUAGE_STANDARD = gnu11;
				GCC_DYNAMIC_NO_PIC = NO;
				GCC_NO_COMMON_BLOCKS = YES;
				GCC_OPTIMIZATION_LEVEL = 0;
				GCC_PREPROCESSOR_DEFINITIONS = (
					"DEBUG=1",
					"$(inherited)",
				);
				GCC_WARN_64_TO_32_BIT_CONVERSION = YES;
				GCC_WARN_ABOUT_RETURN_TYPE = YES_ERROR;
				GCC_WARN_UNDECLARED_SELECTOR = YES;
				GCC_WARN_UNINITIALIZED_AUTOS = YES_AGGRESSIVE;
				GCC_WARN_UNUSED_FUNCTION = YES;
				GCC_WARN_UNUSED_VARIABLE = YES;
				IPHONEOS_DEPLOYMENT_TARGET = 15.5;
				MTL_ENABLE_DEBUG_INFO = INCLUDE_SOURCE;
				MTL_FAST_MATH = YES;
				ONLY_ACTIVE_ARCH = YES;
				SDKROOT = iphoneos;
				SWIFT_ACTIVE_COMPILATION_CONDITIONS = DEBUG;
				SWIFT_OPTIMIZATION_LEVEL = "-Onone";
			};
			name = Debug;
		};
		43C83BAB286A3DA900FBEA40 /* Release */ = {
			isa = XCBuildConfiguration;
			buildSettings = {
				ALWAYS_SEARCH_USER_PATHS = NO;
				CLANG_ANALYZER_NONNULL = YES;
				CLANG_ANALYZER_NUMBER_OBJECT_CONVERSION = YES_AGGRESSIVE;
				CLANG_CXX_LANGUAGE_STANDARD = "gnu++17";
				CLANG_ENABLE_MODULES = YES;
				CLANG_ENABLE_OBJC_ARC = YES;
				CLANG_ENABLE_OBJC_WEAK = YES;
				CLANG_WARN_BLOCK_CAPTURE_AUTORELEASING = YES;
				CLANG_WARN_BOOL_CONVERSION = YES;
				CLANG_WARN_COMMA = YES;
				CLANG_WARN_CONSTANT_CONVERSION = YES;
				CLANG_WARN_DEPRECATED_OBJC_IMPLEMENTATIONS = YES;
				CLANG_WARN_DIRECT_OBJC_ISA_USAGE = YES_ERROR;
				CLANG_WARN_DOCUMENTATION_COMMENTS = YES;
				CLANG_WARN_EMPTY_BODY = YES;
				CLANG_WARN_ENUM_CONVERSION = YES;
				CLANG_WARN_INFINITE_RECURSION = YES;
				CLANG_WARN_INT_CONVERSION = YES;
				CLANG_WARN_NON_LITERAL_NULL_CONVERSION = YES;
				CLANG_WARN_OBJC_IMPLICIT_RETAIN_SELF = YES;
				CLANG_WARN_OBJC_LITERAL_CONVERSION = YES;
				CLANG_WARN_OBJC_ROOT_CLASS = YES_ERROR;
				CLANG_WARN_QUOTED_INCLUDE_IN_FRAMEWORK_HEADER = YES;
				CLANG_WARN_RANGE_LOOP_ANALYSIS = YES;
				CLANG_WARN_STRICT_PROTOTYPES = YES;
				CLANG_WARN_SUSPICIOUS_MOVE = YES;
				CLANG_WARN_UNGUARDED_AVAILABILITY = YES_AGGRESSIVE;
				CLANG_WARN_UNREACHABLE_CODE = YES;
				CLANG_WARN__DUPLICATE_METHOD_MATCH = YES;
				COPY_PHASE_STRIP = NO;
				DEBUG_INFORMATION_FORMAT = "dwarf-with-dsym";
				ENABLE_NS_ASSERTIONS = NO;
				ENABLE_STRICT_OBJC_MSGSEND = YES;
				GCC_C_LANGUAGE_STANDARD = gnu11;
				GCC_NO_COMMON_BLOCKS = YES;
				GCC_WARN_64_TO_32_BIT_CONVERSION = YES;
				GCC_WARN_ABOUT_RETURN_TYPE = YES_ERROR;
				GCC_WARN_UNDECLARED_SELECTOR = YES;
				GCC_WARN_UNINITIALIZED_AUTOS = YES_AGGRESSIVE;
				GCC_WARN_UNUSED_FUNCTION = YES;
				GCC_WARN_UNUSED_VARIABLE = YES;
				IPHONEOS_DEPLOYMENT_TARGET = 15.5;
				MTL_ENABLE_DEBUG_INFO = NO;
				MTL_FAST_MATH = YES;
				SDKROOT = iphoneos;
				SWIFT_COMPILATION_MODE = wholemodule;
				SWIFT_OPTIMIZATION_LEVEL = "-O";
				VALIDATE_PRODUCT = YES;
			};
			name = Release;
		};
		43C83BAD286A3DA900FBEA40 /* Debug */ = {
			isa = XCBuildConfiguration;
			buildSettings = {
				ASSETCATALOG_COMPILER_APPICON_NAME = AppIcon;
				ASSETCATALOG_COMPILER_GLOBAL_ACCENT_COLOR_NAME = AccentColor;
				CODE_SIGN_STYLE = Automatic;
				CURRENT_PROJECT_VERSION = 1;
				GENERATE_INFOPLIST_FILE = YES;
				INFOPLIST_FILE = ToDoList/Info.plist;
				INFOPLIST_KEY_UIApplicationSupportsIndirectInputEvents = YES;
				INFOPLIST_KEY_UILaunchStoryboardName = LaunchScreen;
				INFOPLIST_KEY_UIMainStoryboardFile = Main;
				INFOPLIST_KEY_UISupportedInterfaceOrientations_iPad = "UIInterfaceOrientationPortrait UIInterfaceOrientationPortraitUpsideDown UIInterfaceOrientationLandscapeLeft UIInterfaceOrientationLandscapeRight";
				INFOPLIST_KEY_UISupportedInterfaceOrientations_iPhone = "UIInterfaceOrientationPortrait UIInterfaceOrientationLandscapeLeft UIInterfaceOrientationLandscapeRight";
				LD_RUNPATH_SEARCH_PATHS = (
					"$(inherited)",
					"@executable_path/Frameworks",
				);
				MARKETING_VERSION = 1.0;
				PRODUCT_BUNDLE_IDENTIFIER = KwK.ToDoList;
				PRODUCT_NAME = "$(TARGET_NAME)";
				SWIFT_EMIT_LOC_STRINGS = YES;
				SWIFT_VERSION = 5.0;
				TARGETED_DEVICE_FAMILY = "1,2";
			};
			name = Debug;
		};
		43C83BAE286A3DA900FBEA40 /* Release */ = {
			isa = XCBuildConfiguration;
			buildSettings = {
				ASSETCATALOG_COMPILER_APPICON_NAME = AppIcon;
				ASSETCATALOG_COMPILER_GLOBAL_ACCENT_COLOR_NAME = AccentColor;
				CODE_SIGN_STYLE = Automatic;
				CURRENT_PROJECT_VERSION = 1;
				GENERATE_INFOPLIST_FILE = YES;
				INFOPLIST_FILE = ToDoList/Info.plist;
				INFOPLIST_KEY_UIApplicationSupportsIndirectInputEvents = YES;
				INFOPLIST_KEY_UILaunchStoryboardName = LaunchScreen;
				INFOPLIST_KEY_UIMainStoryboardFile = Main;
				INFOPLIST_KEY_UISupportedInterfaceOrientations_iPad = "UIInterfaceOrientationPortrait UIInterfaceOrientationPortraitUpsideDown UIInterfaceOrientationLandscapeLeft UIInterfaceOrientationLandscapeRight";
				INFOPLIST_KEY_UISupportedInterfaceOrientations_iPhone = "UIInterfaceOrientationPortrait UIInterfaceOrientationLandscapeLeft UIInterfaceOrientationLandscapeRight";
				LD_RUNPATH_SEARCH_PATHS = (
					"$(inherited)",
					"@executable_path/Frameworks",
				);
				MARKETING_VERSION = 1.0;
				PRODUCT_BUNDLE_IDENTIFIER = KwK.ToDoList;
				PRODUCT_NAME = "$(TARGET_NAME)";
				SWIFT_EMIT_LOC_STRINGS = YES;
				SWIFT_VERSION = 5.0;
				TARGETED_DEVICE_FAMILY = "1,2";
			};
			name = Release;
		};
		43C83BB0286A3DA900FBEA40 /* Debug */ = {
			isa = XCBuildConfiguration;
			buildSettings = {
				ALWAYS_EMBED_SWIFT_STANDARD_LIBRARIES = YES;
				BUNDLE_LOADER = "$(TEST_HOST)";
				CODE_SIGN_STYLE = Automatic;
				CURRENT_PROJECT_VERSION = 1;
				GENERATE_INFOPLIST_FILE = YES;
				IPHONEOS_DEPLOYMENT_TARGET = 15.5;
				MARKETING_VERSION = 1.0;
				PRODUCT_BUNDLE_IDENTIFIER = KwK.ToDoListTests;
				PRODUCT_NAME = "$(TARGET_NAME)";
				SWIFT_EMIT_LOC_STRINGS = NO;
				SWIFT_VERSION = 5.0;
				TARGETED_DEVICE_FAMILY = "1,2";
				TEST_HOST = "$(BUILT_PRODUCTS_DIR)/ToDoList.app/ToDoList";
			};
			name = Debug;
		};
		43C83BB1286A3DA900FBEA40 /* Release */ = {
			isa = XCBuildConfiguration;
			buildSettings = {
				ALWAYS_EMBED_SWIFT_STANDARD_LIBRARIES = YES;
				BUNDLE_LOADER = "$(TEST_HOST)";
				CODE_SIGN_STYLE = Automatic;
				CURRENT_PROJECT_VERSION = 1;
				GENERATE_INFOPLIST_FILE = YES;
				IPHONEOS_DEPLOYMENT_TARGET = 15.5;
				MARKETING_VERSION = 1.0;
				PRODUCT_BUNDLE_IDENTIFIER = KwK.ToDoListTests;
				PRODUCT_NAME = "$(TARGET_NAME)";
				SWIFT_EMIT_LOC_STRINGS = NO;
				SWIFT_VERSION = 5.0;
				TARGETED_DEVICE_FAMILY = "1,2";
				TEST_HOST = "$(BUILT_PRODUCTS_DIR)/ToDoList.app/ToDoList";
			};
			name = Release;
		};
		43C83BB3286A3DA900FBEA40 /* Debug */ = {
			isa = XCBuildConfiguration;
			buildSettings = {
				ALWAYS_EMBED_SWIFT_STANDARD_LIBRARIES = YES;
				CODE_SIGN_STYLE = Automatic;
				CURRENT_PROJECT_VERSION = 1;
				GENERATE_INFOPLIST_FILE = YES;
				MARKETING_VERSION = 1.0;
				PRODUCT_BUNDLE_IDENTIFIER = KwK.ToDoListUITests;
				PRODUCT_NAME = "$(TARGET_NAME)";
				SWIFT_EMIT_LOC_STRINGS = NO;
				SWIFT_VERSION = 5.0;
				TARGETED_DEVICE_FAMILY = "1,2";
				TEST_TARGET_NAME = ToDoList;
			};
			name = Debug;
		};
		43C83BB4286A3DA900FBEA40 /* Release */ = {
			isa = XCBuildConfiguration;
			buildSettings = {
				ALWAYS_EMBED_SWIFT_STANDARD_LIBRARIES = YES;
				CODE_SIGN_STYLE = Automatic;
				CURRENT_PROJECT_VERSION = 1;
				GENERATE_INFOPLIST_FILE = YES;
				MARKETING_VERSION = 1.0;
				PRODUCT_BUNDLE_IDENTIFIER = KwK.ToDoListUITests;
				PRODUCT_NAME = "$(TARGET_NAME)";
				SWIFT_EMIT_LOC_STRINGS = NO;
				SWIFT_VERSION = 5.0;
				TARGETED_DEVICE_FAMILY = "1,2";
				TEST_TARGET_NAME = ToDoList;
			};
			name = Release;
		};
/* End XCBuildConfiguration section */

/* Begin XCConfigurationList section */
		43C83B7A286A3DA300FBEA40 /* Build configuration list for PBXProject "ToDoList" */ = {
			isa = XCConfigurationList;
			buildConfigurations = (
				43C83BAA286A3DA900FBEA40 /* Debug */,
				43C83BAB286A3DA900FBEA40 /* Release */,
			);
			defaultConfigurationIsVisible = 0;
			defaultConfigurationName = Release;
		};
		43C83BAC286A3DA900FBEA40 /* Build configuration list for PBXNativeTarget "ToDoList" */ = {
			isa = XCConfigurationList;
			buildConfigurations = (
				43C83BAD286A3DA900FBEA40 /* Debug */,
				43C83BAE286A3DA900FBEA40 /* Release */,
			);
			defaultConfigurationIsVisible = 0;
			defaultConfigurationName = Release;
		};
		43C83BAF286A3DA900FBEA40 /* Build configuration list for PBXNativeTarget "ToDoListTests" */ = {
			isa = XCConfigurationList;
			buildConfigurations = (
				43C83BB0286A3DA900FBEA40 /* Debug */,
				43C83BB1286A3DA900FBEA40 /* Release */,
			);
			defaultConfigurationIsVisible = 0;
			defaultConfigurationName = Release;
		};
		43C83BB2286A3DA900FBEA40 /* Build configuration list for PBXNativeTarget "ToDoListUITests" */ = {
			isa = XCConfigurationList;
			buildConfigurations = (
				43C83BB3286A3DA900FBEA40 /* Debug */,
				43C83BB4286A3DA900FBEA40 /* Release */,
			);
			defaultConfigurationIsVisible = 0;
			defaultConfigurationName = Release;
		};
/* End XCConfigurationList section */

/* Begin XCVersionGroup section */
		43C83B8B286A3DA300FBEA40 /* ToDoList.xcdatamodeld */ = {
			isa = XCVersionGroup;
			children = (
				43C83B8C286A3DA300FBEA40 /* ToDoList.xcdatamodel */,
			);
			currentVersion = 43C83B8C286A3DA300FBEA40 /* ToDoList.xcdatamodel */;
			path = ToDoList.xcdatamodeld;
			sourceTree = "<group>";
			versionGroupType = wrapper.xcdatamodel;
		};
/* End XCVersionGroup section */
	};
	rootObject = 43C83B77286A3DA300FBEA40 /* Project object */;
}
